// !$*UTF8*$!
{
	archiveVersion = 1;
	classes = {
	};
	objectVersion = 46;
	objects = {

/* Begin PBXBuildFile section */
		BC0144821D924482004C0950 /* AppDelegate.swift in Sources */ = {isa = PBXBuildFile; fileRef = BC0144811D924482004C0950 /* AppDelegate.swift */; };
		BC0144841D924482004C0950 /* ViewController.swift in Sources */ = {isa = PBXBuildFile; fileRef = BC0144831D924482004C0950 /* ViewController.swift */; };
		BC0144871D924482004C0950 /* Main.storyboard in Resources */ = {isa = PBXBuildFile; fileRef = BC0144851D924482004C0950 /* Main.storyboard */; };
		BC0144891D924482004C0950 /* Assets.xcassets in Resources */ = {isa = PBXBuildFile; fileRef = BC0144881D924482004C0950 /* Assets.xcassets */; };
		BC01448C1D924482004C0950 /* LaunchScreen.storyboard in Resources */ = {isa = PBXBuildFile; fileRef = BC01448A1D924482004C0950 /* LaunchScreen.storyboard */; };
/* End PBXBuildFile section */

/* Begin PBXFileReference section */
		BC01447E1D924482004C0950 /* sinlang.app */ = {isa = PBXFileReference; explicitFileType = wrapper.application; includeInIndex = 0; path = sinlang.app; sourceTree = BUILT_PRODUCTS_DIR; };
		BC0144811D924482004C0950 /* AppDelegate.swift */ = {isa = PBXFileReference; lastKnownFileType = sourcecode.swift; path = AppDelegate.swift; sourceTree = "<group>"; };
		BC0144831D924482004C0950 /* ViewController.swift */ = {isa = PBXFileReference; lastKnownFileType = sourcecode.swift; path = ViewController.swift; sourceTree = "<group>"; };
		BC0144861D924482004C0950 /* Base */ = {isa = PBXFileReference; lastKnownFileType = file.storyboard; name = Base; path = Base.lproj/Main.storyboard; sourceTree = "<group>"; };
		BC0144881D924482004C0950 /* Assets.xcassets */ = {isa = PBXFileReference; lastKnownFileType = folder.assetcatalog; path = Assets.xcassets; sourceTree = "<group>"; };
		BC01448B1D924482004C0950 /* Base */ = {isa = PBXFileReference; lastKnownFileType = file.storyboard; name = Base; path = Base.lproj/LaunchScreen.storyboard; sourceTree = "<group>"; };
		BC01448D1D924482004C0950 /* Info.plist */ = {isa = PBXFileReference; lastKnownFileType = text.plist.xml; path = Info.plist; sourceTree = "<group>"; };
/* End PBXFileReference section */

/* Begin PBXFrameworksBuildPhase section */
		BC01447B1D924482004C0950 /* Frameworks */ = {
			isa = PBXFrameworksBuildPhase;
			buildActionMask = 2147483647;
			files = (
			);
			runOnlyForDeploymentPostprocessing = 0;
		};
/* End PBXFrameworksBuildPhase section */

/* Begin PBXGroup section */
		BC0144751D924482004C0950 = {
			isa = PBXGroup;
			children = (
				BC0144801D924482004C0950 /* sinlang */,
				BC01447F1D924482004C0950 /* Products */,
			);
			sourceTree = "<group>";
		};
		BC01447F1D924482004C0950 /* Products */ = {
			isa = PBXGroup;
			children = (
				BC01447E1D924482004C0950 /* sinlang.app */,
			);
			name = Products;
			sourceTree = "<group>";
		};
		BC0144801D924482004C0950 /* sinlang */ = {
			isa = PBXGroup;
			children = (
				BC0144811D924482004C0950 /* AppDelegate.swift */,
				BC0144831D924482004C0950 /* ViewController.swift */,
				BC0144851D924482004C0950 /* Main.storyboard */,
				BC0144881D924482004C0950 /* Assets.xcassets */,
				BC01448A1D924482004C0950 /* LaunchScreen.storyboard */,
				BC01448D1D924482004C0950 /* Info.plist */,
			);
			path = sinlang;
			sourceTree = "<group>";
		};
/* End PBXGroup section */

/* Begin PBXNativeTarget section */
		BC01447D1D924482004C0950 /* sinlang */ = {
			isa = PBXNativeTarget;
			buildConfigurationList = BC0144901D924482004C0950 /* Build configuration list for PBXNativeTarget "sinlang" */;
			buildPhases = (
				BC01447A1D924482004C0950 /* Sources */,
				BC01447B1D924482004C0950 /* Frameworks */,
				BC01447C1D924482004C0950 /* Resources */,
			);
			buildRules = (
			);
			dependencies = (
			);
			name = sinlang;
			productName = sinlang;
			productReference = BC01447E1D924482004C0950 /* sinlang.app */;
			productType = "com.apple.product-type.application";
		};
/* End PBXNativeTarget section */

/* Begin PBXProject section */
		BC0144761D924482004C0950 /* Project object */ = {
			isa = PBXProject;
			attributes = {
				LastSwiftUpdateCheck = 0730;
				LastUpgradeCheck = 0730;
				ORGANIZATIONNAME = qianfeng;
				TargetAttributes = {
					BC01447D1D924482004C0950 = {
						CreatedOnToolsVersion = 7.3.1;
					};
				};
			};
			buildConfigurationList = BC0144791D924482004C0950 /* Build configuration list for PBXProject "sinlang" */;
			compatibilityVersion = "Xcode 3.2";
			developmentRegion = English;
			hasScannedForEncodings = 0;
			knownRegions = (
				en,
				Base,
			);
			mainGroup = BC0144751D924482004C0950;
			productRefGroup = BC01447F1D924482004C0950 /* Products */;
			projectDirPath = "";
			projectRoot = "";
			targets = (
				BC01447D1D924482004C0950 /* sinlang */,
			);
		};
/* End PBXProject section */

/* Begin PBXResourcesBuildPhase section */
		BC01447C1D924482004C0950 /* Resources */ = {
			isa = PBXResourcesBuildPhase;
			buildActionMask = 2147483647;
			files = (
				BC01448C1D924482004C0950 /* LaunchScreen.storyboard in Resources */,
				BC0144891D924482004C0950 /* Assets.xcassets in Resources */,
				BC0144871D924482004C0950 /* Main.storyboard in Resources */,
			);
			runOnlyForDeploymentPostprocessing = 0;
		};
/* End PBXResourcesBuildPhase section */

/* Begin PBXSourcesBuildPhase section */
		BC01447A1D924482004C0950 /* Sources */ = {
			isa = PBXSourcesBuildPhase;
			buildActionMask = 2147483647;
			files = (
				BC0144841D924482004C0950 /* ViewController.swift in Sources */,
				BC0144821D924482004C0950 /* AppDelegate.swift in Sources */,
			);
			runOnlyForDeploymentPostprocessing = 0;
		};
/* End PBXSourcesBuildPhase section */

/* Begin PBXVariantGroup section */
		BC0144851D924482004C0950 /* Main.storyboard */ = {
			isa = PBXVariantGroup;
			children = (
				BC0144861D924482004C0950 /* Base */,
			);
			name = Main.storyboard;
			sourceTree = "<group>";
		};
		BC01448A1D924482004C0950 /* LaunchScreen.storyboard */ = {
			isa = PBXVariantGroup;
			children = (
				BC01448B1D924482004C0950 /* Base */,
			);
			name = LaunchScreen.storyboard;
			sourceTree = "<group>";
		};
/* End PBXVariantGroup section */

/* Begin XCBuildConfiguration section */
		BC01448E1D924482004C0950 /* Debug */ = {
			isa = XCBuildConfiguration;
			buildSettings = {
				ALWAYS_SEARCH_USER_PATHS = NO;
				CLANG_ANALYZER_NONNULL = YES;
				CLANG_CXX_LANGUAGE_STANDARD = "gnu++0x";
				CLANG_CXX_LIBRARY = "libc++";
				CLANG_ENABLE_MODULES = YES;
				CLANG_ENABLE_OBJC_ARC = YES;
				CLANG_WARN_BOOL_CONVERSION = YES;
				CLANG_WARN_CONSTANT_CONVERSION = YES;
				CLANG_WARN_DIRECT_OBJC_ISA_USAGE = YES_ERROR;
				CLANG_WARN_EMPTY_BODY = YES;
				CLANG_WARN_ENUM_CONVERSION = YES;
				CLANG_WARN_INT_CONVERSION = YES;
				CLANG_WARN_OBJC_ROOT_CLASS = YES_ERROR;
				CLANG_WARN_UNREACHABLE_CODE = YES;
				CLANG_WARN__DUPLICATE_METHOD_MATCH = YES;
				"CODE_SIGN_IDENTITY[sdk=iphoneos*]" = "iPhone Developer";
				COPY_PHASE_STRIP = NO;
				DEBUG_INFORMATION_FORMAT = dwarf;
				ENABLE_STRICT_OBJC_MSGSEND = YES;
				ENABLE_TESTABILITY = YES;
				GCC_C_LANGUAGE_STANDARD = gnu99;
				GCC_DYNAMIC_NO_PIC = NO;
				GCC_NO_COMMON_BLOCKS = YES;
				GCC_OPTIMIZATION_LEVEL = 0;
				GCC_PREPROCESSOR_DEFINITIONS = (
					"DEBUG=1",
					"$(inherited)",
				);
				GCC_WARN_64_TO_32_BIT_CONVERSION = YES;
				GCC_WARN_ABOUT_RETURN_TYPE = YES_ERROR;
				GCC_WARN_UNDECLARED_SELECTOR = YES;
				GCC_WARN_UNINITIALIZED_AUTOS = YES_AGGRESSIVE;
				GCC_WARN_UNUSED_FUNCTION = YES;
				GCC_WARN_UNUSED_VARIABLE = YES;
				IPHONEOS_DEPLOYMENT_TARGET = 9.3;
				MTL_ENABLE_DEBUG_INFO = YES;
				ONLY_ACTIVE_ARCH = YES;
				SDKROOT = iphoneos;
				SWIFT_OPTIMIZATION_LEVEL = "-Onone";
			};
			name = Debug;
		};
		BC01448F1D924482004C0950 /* Release */ = {
			isa = XCBuildConfiguration;
			buildSettings = {
				ALWAYS_SEARCH_USER_PATHS = NO;
				CLANG_ANALYZER_NONNULL = YES;
				CLANG_CXX_LANGUAGE_STANDARD = "gnu++0x";
				CLANG_CXX_LIBRARY = "libc++";
				CLANG_ENABLE_MODULES = YES;
				CLANG_ENABLE_OBJC_ARC = YES;
				CLANG_WARN_BOOL_CONVERSION = YES;
				CLANG_WARN_CONSTANT_CONVERSION = YES;
				CLANG_WARN_DIRECT_OBJC_ISA_USAGE = YES_ERROR;
				CLANG_WARN_EMPTY_BODY = YES;
				CLANG_WARN_ENUM_CONVERSION = YES;
				CLANG_WARN_INT_CONVERSION = YES;
				CLANG_WARN_OBJC_ROOT_CLASS = YES_ERROR;
				CLANG_WARN_UNREACHABLE_CODE = YES;
				CLANG_WARN__DUPLICATE_METHOD_MATCH = YES;
				"CODE_SIGN_IDENTITY[sdk=iphoneos*]" = "iPhone Developer";
				COPY_PHASE_STRIP = NO;
				DEBUG_INFORMATION_FORMAT = "dwarf-with-dsym";
				ENABLE_NS_ASSERTIONS = NO;
				ENABLE_STRICT_OBJC_MSGSEND = YES;
				GCC_C_LANGUAGE_STANDARD = gnu99;
				GCC_NO_COMMON_BLOCKS = YES;
				GCC_WARN_64_TO_32_BIT_CONVERSION = YES;
				GCC_WARN_ABOUT_RETURN_TYPE = YES_ERROR;
				GCC_WARN_UNDECLARED_SELECTOR = YES;
				GCC_WARN_UNINITIALIZED_AUTOS = YES_AGGRESSIVE;
				GCC_WARN_UNUSED_FUNCTION = YES;
				GCC_WARN_UNUSED_VARIABLE = YES;
				IPHONEOS_DEPLOYMENT_TARGET = 9.3;
				MTL_ENABLE_DEBUG_INFO = NO;
				SDKROOT = iphoneos;
				VALIDATE_PRODUCT = YES;
			};
			name = Release;
		};
		BC0144911D924482004C0950 /* Debug */ = {
			isa = XCBuildConfiguration;
			buildSettings = {
				ASSETCATALOG_COMPILER_APPICON_NAME = AppIcon;
				INFOPLIST_FILE = sinlang/Info.plist;
				LD_RUNPATH_SEARCH_PATHS = "$(inherited) @executable_path/Frameworks";
				PRODUCT_BUNDLE_IDENTIFIER = com.QF.sinlang;
				PRODUCT_NAME = "$(TARGET_NAME)";
			};
			name = Debug;
		};
		BC0144921D924482004C0950 /* Release */ = {
			isa = XCBuildConfiguration;
			buildSettings = {
				ASSETCATALOG_COMPILER_APPICON_NAME = AppIcon;
				INFOPLIST_FILE = sinlang/Info.plist;
				LD_RUNPATH_SEARCH_PATHS = "$(inherited) @executable_path/Frameworks";
				PRODUCT_BUNDLE_IDENTIFIER = com.QF.sinlang;
				PRODUCT_NAME = "$(TARGET_NAME)";
			};
			name = Release;
		};
/* End XCBuildConfiguration section */

/* Begin XCConfigurationList section */
		BC0144791D924482004C0950 /* Build configuration list for PBXProject "sinlang" */ = {
			isa = XCConfigurationList;
			buildConfigurations = (
				BC01448E1D924482004C0950 /* Debug */,
				BC01448F1D924482004C0950 /* Release */,
			);
			defaultConfigurationIsVisible = 0;
			defaultConfigurationName = Release;
		};
		BC0144901D924482004C0950 /* Build configuration list for PBXNativeTarget "sinlang" */ = {
			isa = XCConfigurationList;
			buildConfigurations = (
				BC0144911D924482004C0950 /* Debug */,
				BC0144921D924482004C0950 /* Release */,
			);
			defaultConfigurationIsVisible = 0;
		};
/* End XCConfigurationList section */
	};
	rootObject = BC0144761D924482004C0950 /* Project object */;
}
